
Microsoft Visual Studio Solution File, Format Version 12.00
# Visual Studio Version 16
VisualStudioVersion = 25.0.1706.8
MinimumVisualStudioVersion = 10.0.40219.1
Project("{FAE04EC0-301F-11D3-BF4B-00C04F79EFBC}") = "FormulaEvaluator", "FormulaEvaluator\FormulaEvaluator.csproj", "{9B0569F5-F365-46C9-B3E1-408119B48790}"
EndProject
Project("{2150E333-8FDC-42A3-9474-1A3956D46DE8}") = "Solution Items", "Solution Items", "{AF992123-9349-41A3-B062-23E0A5EA8F40}"
	ProjectSection(SolutionItems) = preProject
		.gitignore = .gitignore
		README.md = README.md
	EndProjectSection
EndProject
Project("{FAE04EC0-301F-11D3-BF4B-00C04F79EFBC}") = "FormulaEvaluatorTester", "FormulaEvaluatorTester\FormulaEvaluatorTester.csproj", "{537D16CA-6C0A-4E79-81E4-3AEBAB851F87}"
EndProject
Project("{FAE04EC0-301F-11D3-BF4B-00C04F79EFBC}") = "DependencyGraph", "DependencyGraph\DependencyGraph.csproj", "{D8C2E0F3-49E3-4A10-BCBE-CE4488D8346B}"
EndProject
Project("{FAE04EC0-301F-11D3-BF4B-00C04F79EFBC}") = "DependencyGraphTests", "DependencyGraphTests\DependencyGraphTests.csproj", "{89B94433-4F48-4B09-B07E-56B2FCE14FC7}"
EndProject
Project("{FAE04EC0-301F-11D3-BF4B-00C04F79EFBC}") = "Formula", "Formula\Formula.csproj", "{D5113289-1EEE-410F-B097-A12729AB8080}"
EndProject
Project("{FAE04EC0-301F-11D3-BF4B-00C04F79EFBC}") = "FormulaTests", "FormulaTests\FormulaTests.csproj", "{1E70657A-D51F-4238-9AD8-3DC166B38F7E}"
EndProject
Project("{FAE04EC0-301F-11D3-BF4B-00C04F79EFBC}") = "Spreadsheet", "Spreadsheet\Spreadsheet.csproj", "{B7C87B53-A376-44D2-9466-6B67C9E3E918}"
EndProject
Project("{FAE04EC0-301F-11D3-BF4B-00C04F79EFBC}") = "CellTester", "CellTester\CellTester.csproj", "{C5C7CEA6-33EB-4E99-8B88-788EEFD75BBF}"
EndProject
Project("{FAE04EC0-301F-11D3-BF4B-00C04F79EFBC}") = "SpreadsheetTests", "SpreadsheetTests\SpreadsheetTests.csproj", "{65210E76-4A37-42DC-A608-9A5DB6B2861A}"
EndProject
Global
	GlobalSection(SolutionConfigurationPlatforms) = preSolution
		Debug|Any CPU = Debug|Any CPU
		Release|Any CPU = Release|Any CPU
	EndGlobalSection
	GlobalSection(ProjectConfigurationPlatforms) = postSolution
		{9B0569F5-F365-46C9-B3E1-408119B48790}.Debug|Any CPU.ActiveCfg = Debug|Any CPU
		{9B0569F5-F365-46C9-B3E1-408119B48790}.Debug|Any CPU.Build.0 = Debug|Any CPU
		{9B0569F5-F365-46C9-B3E1-408119B48790}.Release|Any CPU.ActiveCfg = Release|Any CPU
		{9B0569F5-F365-46C9-B3E1-408119B48790}.Release|Any CPU.Build.0 = Release|Any CPU
		{537D16CA-6C0A-4E79-81E4-3AEBAB851F87}.Debug|Any CPU.ActiveCfg = Debug|Any CPU
		{537D16CA-6C0A-4E79-81E4-3AEBAB851F87}.Debug|Any CPU.Build.0 = Debug|Any CPU
		{537D16CA-6C0A-4E79-81E4-3AEBAB851F87}.Release|Any CPU.ActiveCfg = Release|Any CPU
		{537D16CA-6C0A-4E79-81E4-3AEBAB851F87}.Release|Any CPU.Build.0 = Release|Any CPU
		{D8C2E0F3-49E3-4A10-BCBE-CE4488D8346B}.Debug|Any CPU.ActiveCfg = Debug|Any CPU
		{D8C2E0F3-49E3-4A10-BCBE-CE4488D8346B}.Debug|Any CPU.Build.0 = Debug|Any CPU
		{D8C2E0F3-49E3-4A10-BCBE-CE4488D8346B}.Release|Any CPU.ActiveCfg = Release|Any CPU
		{D8C2E0F3-49E3-4A10-BCBE-CE4488D8346B}.Release|Any CPU.Build.0 = Release|Any CPU
		{89B94433-4F48-4B09-B07E-56B2FCE14FC7}.Debug|Any CPU.ActiveCfg = Debug|Any CPU
		{89B94433-4F48-4B09-B07E-56B2FCE14FC7}.Debug|Any CPU.Build.0 = Debug|Any CPU
		{89B94433-4F48-4B09-B07E-56B2FCE14FC7}.Release|Any CPU.ActiveCfg = Release|Any CPU
		{89B94433-4F48-4B09-B07E-56B2FCE14FC7}.Release|Any CPU.Build.0 = Release|Any CPU
		{D5113289-1EEE-410F-B097-A12729AB8080}.Debug|Any CPU.ActiveCfg = Debug|Any CPU
		{D5113289-1EEE-410F-B097-A12729AB8080}.Debug|Any CPU.Build.0 = Debug|Any CPU
		{D5113289-1EEE-410F-B097-A12729AB8080}.Release|Any CPU.ActiveCfg = Release|Any CPU
		{D5113289-1EEE-410F-B097-A12729AB8080}.Release|Any CPU.Build.0 = Release|Any CPU
		{1E70657A-D51F-4238-9AD8-3DC166B38F7E}.Debug|Any CPU.ActiveCfg = Debug|Any CPU
		{1E70657A-D51F-4238-9AD8-3DC166B38F7E}.Debug|Any CPU.Build.0 = Debug|Any CPU
		{1E70657A-D51F-4238-9AD8-3DC166B38F7E}.Release|Any CPU.ActiveCfg = Release|Any CPU
		{1E70657A-D51F-4238-9AD8-3DC166B38F7E}.Release|Any CPU.Build.0 = Release|Any CPU
		{B7C87B53-A376-44D2-9466-6B67C9E3E918}.Debug|Any CPU.ActiveCfg = Debug|Any CPU
		{B7C87B53-A376-44D2-9466-6B67C9E3E918}.Debug|Any CPU.Build.0 = Debug|Any CPU
		{B7C87B53-A376-44D2-9466-6B67C9E3E918}.Release|Any CPU.ActiveCfg = Release|Any CPU
		{B7C87B53-A376-44D2-9466-6B67C9E3E918}.Release|Any CPU.Build.0 = Release|Any CPU
		{C5C7CEA6-33EB-4E99-8B88-788EEFD75BBF}.Debug|Any CPU.ActiveCfg = Debug|Any CPU
		{C5C7CEA6-33EB-4E99-8B88-788EEFD75BBF}.Debug|Any CPU.Build.0 = Debug|Any CPU
		{C5C7CEA6-33EB-4E99-8B88-788EEFD75BBF}.Release|Any CPU.ActiveCfg = Release|Any CPU
		{C5C7CEA6-33EB-4E99-8B88-788EEFD75BBF}.Release|Any CPU.Build.0 = Release|Any CPU
		{65210E76-4A37-42DC-A608-9A5DB6B2861A}.Debug|Any CPU.ActiveCfg = Debug|Any CPU
		{65210E76-4A37-42DC-A608-9A5DB6B2861A}.Debug|Any CPU.Build.0 = Debug|Any CPU
		{65210E76-4A37-42DC-A608-9A5DB6B2861A}.Release|Any CPU.ActiveCfg = Release|Any CPU
		{65210E76-4A37-42DC-A608-9A5DB6B2861A}.Release|Any CPU.Build.0 = Release|Any CPU
	EndGlobalSection
	GlobalSection(SolutionProperties) = preSolution
		HideSolutionNode = FALSE
	EndGlobalSection
	GlobalSection(ExtensibilityGlobals) = postSolution
		SolutionGuid = {02C9553B-4861-4953-9838-380E171B2A4F}
	EndGlobalSection
EndGlobal
