
Microsoft Visual Studio Solution File, Format Version 12.00
# Visual Studio Version 16
VisualStudioVersion = 25.0.1706.8
MinimumVisualStudioVersion = 10.0.40219.1
Project("{FAE04EC0-301F-11D3-BF4B-00C04F79EFBC}") = "DependencyGraph", "DependencyGraph.csproj", "{0171FC50-66E6-4CF8-92D5-CC19D2F5D325}"
EndProject
Global
	GlobalSection(SolutionConfigurationPlatforms) = preSolution
		Debug|Any CPU = Debug|Any CPU
		Release|Any CPU = Release|Any CPU
	EndGlobalSection
	GlobalSection(ProjectConfigurationPlatforms) = postSolution
		{0171FC50-66E6-4CF8-92D5-CC19D2F5D325}.Debug|Any CPU.ActiveCfg = Debug|Any CPU
		{0171FC50-66E6-4CF8-92D5-CC19D2F5D325}.Debug|Any CPU.Build.0 = Debug|Any CPU
		{0171FC50-66E6-4CF8-92D5-CC19D2F5D325}.Release|Any CPU.ActiveCfg = Release|Any CPU
		{0171FC50-66E6-4CF8-92D5-CC19D2F5D325}.Release|Any CPU.Build.0 = Release|Any CPU
	EndGlobalSection
	GlobalSection(SolutionProperties) = preSolution
		HideSolutionNode = FALSE
	EndGlobalSection
	GlobalSection(ExtensibilityGlobals) = postSolution
		SolutionGuid = {E405202A-CF51-4B39-9352-16E03FE584A6}
	EndGlobalSection
EndGlobal
